
Microsoft Visual Studio Solution File, Format Version 12.00
# Visual Studio 14
VisualStudioVersion = 14.0.25123.0
MinimumVisualStudioVersion = 10.0.40219.1
Project("{FAE04EC0-301F-11D3-BF4B-00C04F79EFBC}") = "CapaDeDatos", "CapaDeDatos\CapaDeDatos.csproj", "{BD060658-A1F7-4D16-B9A4-47490F18395C}"
EndProject
Project("{FAE04EC0-301F-11D3-BF4B-00C04F79EFBC}") = "CapaDeNegocios", "CapaDeNegocios\CapaDeNegocios.csproj", "{64F373DF-41B6-4093-A9BF-4F116BD2C38B}"
EndProject
Project("{FAE04EC0-301F-11D3-BF4B-00C04F79EFBC}") = "CapaControlGestantes", "CapaControlGestantes\CapaControlGestantes.csproj", "{F59BDA7F-60F4-4B5E-B27E-290E05F7BD23}"
EndProject
Global
	GlobalSection(SolutionConfigurationPlatforms) = preSolution
		Debug|Any CPU = Debug|Any CPU
		Release|Any CPU = Release|Any CPU
	EndGlobalSection
	GlobalSection(ProjectConfigurationPlatforms) = postSolution
		{BD060658-A1F7-4D16-B9A4-47490F18395C}.Debug|Any CPU.ActiveCfg = Debug|Any CPU
		{BD060658-A1F7-4D16-B9A4-47490F18395C}.Debug|Any CPU.Build.0 = Debug|Any CPU
		{BD060658-A1F7-4D16-B9A4-47490F18395C}.Release|Any CPU.ActiveCfg = Release|Any CPU
		{BD060658-A1F7-4D16-B9A4-47490F18395C}.Release|Any CPU.Build.0 = Release|Any CPU
		{64F373DF-41B6-4093-A9BF-4F116BD2C38B}.Debug|Any CPU.ActiveCfg = Debug|Any CPU
		{64F373DF-41B6-4093-A9BF-4F116BD2C38B}.Debug|Any CPU.Build.0 = Debug|Any CPU
		{64F373DF-41B6-4093-A9BF-4F116BD2C38B}.Release|Any CPU.ActiveCfg = Release|Any CPU
		{64F373DF-41B6-4093-A9BF-4F116BD2C38B}.Release|Any CPU.Build.0 = Release|Any CPU
		{F59BDA7F-60F4-4B5E-B27E-290E05F7BD23}.Debug|Any CPU.ActiveCfg = Debug|Any CPU
		{F59BDA7F-60F4-4B5E-B27E-290E05F7BD23}.Debug|Any CPU.Build.0 = Debug|Any CPU
		{F59BDA7F-60F4-4B5E-B27E-290E05F7BD23}.Release|Any CPU.ActiveCfg = Release|Any CPU
		{F59BDA7F-60F4-4B5E-B27E-290E05F7BD23}.Release|Any CPU.Build.0 = Release|Any CPU
	EndGlobalSection
	GlobalSection(SolutionProperties) = preSolution
		HideSolutionNode = FALSE
	EndGlobalSection
EndGlobal
